github.com/IBM/idemix/bccsp/schemes/weak-bb v0.0.0-20240610131915-ef4bd37116dc h1:OSVgeM5YPwJ8hGqcbpjl4XVW5cqRxhQjD2j2RuCXpsM=
github.com/IBM/idemix/bccsp/schemes/weak-bb v0.0.0-20240610131915-ef4bd37116dc/go.mod h1:FC0vVgNI6bv8GH0VTwjup+arwJ8Tau1iEhroWZ1oPwU=
github.com/IBM/idemix/bccsp/types v0.0.0-20240610131915-ef4bd37116dc h1:qKURRs7KJLK2ybfchT91kNX6QNAWotOvsabwQJ48RRU=
github.com/IBM/idemix/bccsp/types v0.0.0-20240610131915-ef4bd37116dc/go.mod h1:IMIJ8WcUpBmV4gcOO/BYKuFYpdXCPYZjpNhFSUlO9b8=
github.com/IBM/mathlib v0.0.3-0.20231011094432-44ee0eb539da h1:qqGozq4tF6EOVnWoTgBoJGudRKKZXSAYnEtDggzTnsw=
github.com/IBM/mathlib v0.0.3-0.20231011094432-44ee0eb539da/go.mod h1:Tco9QzE3fQzjMS7nPbHDeFfydAzctStf1Pa8hsh6Hjs=
github.com/ale-linux/aries-framework-go/component/kmscrypto v0.0.0-20231023164747-f3f972769504 h1:sQyFeDcHVHWJ3IeE437NSJjv0+J/6MvGQOJew4X+Cuw=
github.com/ale-linux/aries-framework-go/component/kmscrypto v0.0.0-20231023164747-f3f972769504/go.mod h1:z5xq4Ji1RQojJLZzKeZH5+LKCVZxgQRZpQ4xAJWi8r0=
github.com/bits-and-blooms/bitset v1.7.0 h1:YjAGVd3XmtK9ktAbX8Zg2g2PwLIMjGREZJHlV4j7NEo=
github.com/bits-and-blooms/bitset v1.7.0/go.mod h1:gIdJ4wp64HaoK2YrL1Q5/N7Y16edYb8uY+O0FJTyyDA=
github.com/btcsuite/btcutil v1.0.3-0.20201208143702-a53e38424cce h1:YtWJF7RHm2pYCvA5t0RPmAaLUhREsKuKd+SLhxFbFeQ=
github.com/consensys/bavard v0.1.13 h1:oLhMLOFGTLdlda/kma4VOJazblc7IM5y5QPd2A/YjhQ=
github.com/consensys/bavard v0.1.13/go.mod h1:9ItSMtA/dXMAiL7BG6bqW2m3NdSEObYWoH223nGHukI=
github.com/consensys/gnark-crypto v0.12.1 h1:lHH39WuuFgVHONRl3J0LRBtuYdQTumFSDtJF7HpyG8M=
github.com/consensys/gnark-crypto v0.12.1/go.mod h1:v2Gy7L/4ZRosZ7Ivs+9SfUDr0f5UlG+EM5t7MPHiLuY=
github.com/davecgh/go-spew v1.1.1 h1:vj9j/u1bqnvCEfJOwUhtlOARqs3+rkHYY13jYWTU97c=
github.com/davecgh/go-spew v1.1.1/go.mod h1:J7Y8YcW2NihsgmVo/mv3lAwl/skON4iLHjSsI+c5H38=
github.com/golang/protobuf v1.5.0/go.mod h1:FsONVRAS9T7sI+LIUmWTfcYkHO4aIWwzhcaSAoJOfIk=
github.com/golang/protobuf v1.5.3 h1:KhyjKVUg7Usr/dYsdSqoFveMYd5ko72D+zANwlG1mmg=
github.com/golang/protobuf v1.5.3/go.mod h1:XVQd3VNwM+JqD3oG2Ue2ip4fOMUkwXdXDdiuN0vRsmY=
github.com/google/go-cmp v0.5.5 h1:Khx7svrCpmxxtHBq5j2mp/xVjsi8hQMfNLvJFAlrGgU=
github.com/google/go-cmp v0.5.5/go.mod h1:v8dTdLbMG2kIc/vJvl+f65V22dbkXbowE6jgT/gNBxE=
github.com/google/subcommands v1.2.0/go.mod h1:ZjhPrFU+Olkh9WazFPsl27BQ4UPiG37m3yTrtFlrHVk=
github.com/hyperledger/aries-bbs-go v0.0.0-20240528084656-761671ea73bc h1:3Ykk6MtyfnlzMOQry9zkxsoLWpCWZwDPqehO/BJwArM=
github.com/hyperledger/aries-bbs-go v0.0.0-20240528084656-761671ea73bc/go.mod h1:Kofn6A6WWea1ZM8Rys5aBW9dszwJ7Ywa0kyyYL0TPYw=
github.com/hyperledger/fabric-amcl v0.0.0-20230602173724-9e02669dceb2 h1:B1Nt8hKb//KvgGRprk0h1t4lCnwhE9/ryb1WqfZbV+M=
github.com/hyperledger/fabric-amcl v0.0.0-20230602173724-9e02669dceb2/go.mod h1:X+DIyUsaTmalOpmpQfIvFZjKHQedrURQ5t4YqquX7lE=
github.com/kilic/bls12-381 v0.1.0 h1:encrdjqKMEvabVQ7qYOKu1OvhqpK4s47wDYtNiPtlp4=
github.com/kilic/bls12-381 v0.1.0/go.mod h1:vDTTHJONJ6G+P2R74EhnyotQDTliQDnFEwhdmfzw1ig=
github.com/kr/pretty v0.3.1 h1:flRD4NNwYAUpkphVc1HcthR4KEIFJ65n8Mw5qdRn3LE=
github.com/kr/text v0.2.0 h1:5Nx0Ya0ZqY2ygV366QzturHI13Jq95ApcVaJBhpS+AY=
github.com/leanovate/gopter v0.2.9 h1:fQjYxZaynp97ozCzfOyOuAGOU4aU/z37zf/tOujFk7c=
github.com/mmcloughlin/addchain v0.4.0 h1:SobOdjm2xLj1KkXN5/n0xTIWyZA2+s99UCY1iPfkHRY=
github.com/mmcloughlin/addchain v0.4.0/go.mod h1:A86O+tHqZLMNO4w6ZZ4FlVQEadcoqkyU72HC5wJ4RlU=
github.com/mmcloughlin/profile v0.1.1/go.mod h1:IhHD7q1ooxgwTgjxQYkACGA77oFTDdFVejUS1/tS/qU=
github.com/pkg/errors v0.9.1 h1:FEBLx1zS214owpjy7qsBeixbURkuhQAwrK5UwLGTwt4=
github.com/pkg/errors v0.9.1/go.mod h1:bwawxfHBFNV+L2hUp1rHADufV3IMtnDRdf1r5NINEl0=
github.com/pmezard/go-difflib v1.0.0 h1:4DBwDE0NGyQoBHbLQYPwSUPoCMWR5BEzIk/f1lZbAQM=
github.com/pmezard/go-difflib v1.0.0/go.mod h1:iKH77koFhYxTK1pcRnkKkqfTogsbg7gZNVY4sRDYZ/4=
github.com/rogpeppe/go-internal v1.11.0 h1:cWPaGQEPrBb5/AsnsZesgZZ9yb1OQ+GOISoDNXVBh4M=
github.com/stretchr/testify v1.9.0 h1:HtqpIVDClZ4nwg75+f6Lvsy/wHu+3BoSGCbBAcpTsTg=
github.com/stretchr/testify v1.9.0/go.mod h1:r2ic/lqez/lEtzL7wO/rwa5dbSLXVDPFyf8C91i36aY=
golang.org/x/crypto v0.21.0 h1:X31++rzVUdKhX5sWmSOFZxx8UW/ldWx55cbf08iNAMA=
golang.org/x/crypto v0.21.0/go.mod h1:0BP7YvVV9gBbVKyeTG0Gyn+gZm94bibOW5BjDEYAOMs=
golang.org/x/sys v0.0.0-20201101102859-da207088b7d1/go.mod h1:h1NjWce9XRLGQEsW7wpKNCjG9DtNlClVuFLEZdDNbEs=
golang.org/x/sys v0.18.0 h1:DBdB3niSjOA/O0blCZBqDefyWNYveAYMNF1Wum0DYQ4=
golang.org/x/sys v0.18.0/go.mod h1:/VUhepiaJMQUp4+oa/7Zr1D23ma6VTLIYjOOTFZPUcA=
golang.org/x/xerrors v0.0.0-20191204190536-9bdfabe68543 h1:E7g+9GITq07hpfrRu66IVDexMakfv52eLZ2CXBWiKr4=
golang.org/x/xerrors v0.0.0-20191204190536-9bdfabe68543/go.mod h1:I/5z698sn9Ka8TeJc9MKroUUfqBBauWjQqLJ2OPfmY0=
google.golang.org/protobuf v1.26.0-rc.1/go.mod h1:jlhhOSvTdKEhbULTjvd4ARK9grFBp09yW+WbY/TyQbw=
google.golang.org/protobuf v1.26.0/go.mod h1:9q0QmTI4eRPtz6boOQmLYwt+qCgq0jsYwAQnmE0givc=
google.golang.org/protobuf v1.28.1 h1:d0NfwRgPtno5B1Wa6L2DAG+KivqkdutMf1UhdNx175w=
google.golang.org/protobuf v1.28.1/go.mod h1:HV8QOd/L58Z+nl8r43ehVNZIU/HEI6OcFqwMG9pJV4I=
gopkg.in/check.v1 v0.0.0-20161208181325-20d25e280405/go.mod h1:Co6ibVJAznAaIkqp8huTwlJQCZ016jof/cbN4VW5Yz0=
gopkg.in/check.v1 v1.0.0-20201130134442-10cb98267c6c h1:Hei/4ADfdWqJk1ZMxUNpqntNwaWcugrBjAiHlqqRiVk=
gopkg.in/yaml.v2 v2.4.0 h1:D8xgwECY7CYvx+Y2n4sBz93Jn9JRvxdiyyo8CTfuKaY=
gopkg.in/yaml.v3 v3.0.1 h1:fxVm/GzAzEWqLHuvctI91KS9hhNmmWOoWu0XTYJS7CA=
gopkg.in/yaml.v3 v3.0.1/go.mod h1:K4uyk7z7BCEPqu6E+C64Yfv1cQ7kz7rIZviUmN+EgEM=
rsc.io/tmplfunc v0.0.3 h1:53XFQh69AfOa8Tw0Jm7t+GV7KZhOi6jzsCzTtKbMvzU=
rsc.io/tmplfunc v0.0.3/go.mod h1:AG3sTPzElb1Io3Yg4voV9AGZJuleGAwaVRxL9M49PhA=
